
Microsoft Visual Studio Solution File, Format Version 11.00
# Visual Studio 2010
Project("{FAE04EC0-301F-11D3-BF4B-00C04F79EFBC}") = "Assembly-CSharp", "Assembly-CSharp.csproj", "{B95486D7-8803-F60A-9651-DF03A31646BE}"
EndProject
Project("{FAE04EC0-301F-11D3-BF4B-00C04F79EFBC}") = "Assembly-CSharp-Editor", "Assembly-CSharp-Editor.csproj", "{9676DE62-551F-4178-C851-1E30E97D7E12}"
EndProject
Global
	GlobalSection(SolutionConfigurationPlatforms) = preSolution
		Debug|Any CPU = Debug|Any CPU
		Release|Any CPU = Release|Any CPU
	EndGlobalSection
	GlobalSection(ProjectConfigurationPlatforms) = postSolution
		{B95486D7-8803-F60A-9651-DF03A31646BE}.Debug|Any CPU.ActiveCfg = Debug|Any CPU
		{B95486D7-8803-F60A-9651-DF03A31646BE}.Debug|Any CPU.Build.0 = Debug|Any CPU
		{B95486D7-8803-F60A-9651-DF03A31646BE}.Release|Any CPU.ActiveCfg = Release|Any CPU
		{B95486D7-8803-F60A-9651-DF03A31646BE}.Release|Any CPU.Build.0 = Release|Any CPU
		{9676DE62-551F-4178-C851-1E30E97D7E12}.Debug|Any CPU.ActiveCfg = Debug|Any CPU
		{9676DE62-551F-4178-C851-1E30E97D7E12}.Debug|Any CPU.Build.0 = Debug|Any CPU
		{9676DE62-551F-4178-C851-1E30E97D7E12}.Release|Any CPU.ActiveCfg = Release|Any CPU
		{9676DE62-551F-4178-C851-1E30E97D7E12}.Release|Any CPU.Build.0 = Release|Any CPU
	EndGlobalSection
	GlobalSection(SolutionProperties) = preSolution
		HideSolutionNode = FALSE
	EndGlobalSection
EndGlobal
